
Microsoft Visual Studio Solution File, Format Version 12.00
# Visual Studio Version 17
VisualStudioVersion = 17.5.002.0
MinimumVisualStudioVersion = 10.0.40219.1
Project("{9A19103F-16F7-4668-BE54-9A1E7A4F7556}") = "BlazorApp", "BlazorApp.csproj", "{B171DBF5-0E3C-4638-BAEA-4A08404009E5}"
EndProject
Global
	GlobalSection(SolutionConfigurationPlatforms) = preSolution
		Debug|Any CPU = Debug|Any CPU
		Release|Any CPU = Release|Any CPU
	EndGlobalSection
	GlobalSection(ProjectConfigurationPlatforms) = postSolution
		{B171DBF5-0E3C-4638-BAEA-4A08404009E5}.Debug|Any CPU.ActiveCfg = Debug|Any CPU
		{B171DBF5-0E3C-4638-BAEA-4A08404009E5}.Debug|Any CPU.Build.0 = Debug|Any CPU
		{B171DBF5-0E3C-4638-BAEA-4A08404009E5}.Release|Any CPU.ActiveCfg = Release|Any CPU
		{B171DBF5-0E3C-4638-BAEA-4A08404009E5}.Release|Any CPU.Build.0 = Release|Any CPU
	EndGlobalSection
	GlobalSection(SolutionProperties) = preSolution
		HideSolutionNode = FALSE
	EndGlobalSection
	GlobalSection(ExtensibilityGlobals) = postSolution
		SolutionGuid = {491D805D-0C27-4F4F-B6AD-4E36AE817E8B}
	EndGlobalSection
EndGlobal
